// !$*UTF8*$!
{
	archiveVersion = 1;
	classes = {
	};
	objectVersion = 56;
	objects = {

/* Begin PBXBuildFile section */
		FB78ABB62958F155000FC937 /* AppDelegate.swift in Sources */ = {isa = PBXBuildFile; fileRef = FB78ABB52958F155000FC937 /* AppDelegate.swift */; };
		FB78ABB82958F155000FC937 /* SceneDelegate.swift in Sources */ = {isa = PBXBuildFile; fileRef = FB78ABB72958F155000FC937 /* SceneDelegate.swift */; };
		FB78ABBA2958F155000FC937 /* ViewController.swift in Sources */ = {isa = PBXBuildFile; fileRef = FB78ABB92958F155000FC937 /* ViewController.swift */; };
		FB78ABBF2958F157000FC937 /* Assets.xcassets in Resources */ = {isa = PBXBuildFile; fileRef = FB78ABBE2958F157000FC937 /* Assets.xcassets */; };
		FB78ABC22958F157000FC937 /* LaunchScreen.storyboard in Resources */ = {isa = PBXBuildFile; fileRef = FB78ABC02958F157000FC937 /* LaunchScreen.storyboard */; };
		FB78ABD12958F3AD000FC937 /* SnapKit in Frameworks */ = {isa = PBXBuildFile; productRef = FB78ABD02958F3AD000FC937 /* SnapKit */; };
		FB78ABD32958F7A7000FC937 /* CharacterItemCell.swift in Sources */ = {isa = PBXBuildFile; fileRef = FB78ABD22958F7A7000FC937 /* CharacterItemCell.swift */; };
/* End PBXBuildFile section */

/* Begin PBXFileReference section */
		FB78ABB22958F155000FC937 /* RickAndMorty-Swift.app */ = {isa = PBXFileReference; explicitFileType = wrapper.application; includeInIndex = 0; path = "RickAndMorty-Swift.app"; sourceTree = BUILT_PRODUCTS_DIR; };
		FB78ABB52958F155000FC937 /* AppDelegate.swift */ = {isa = PBXFileReference; lastKnownFileType = sourcecode.swift; path = AppDelegate.swift; sourceTree = "<group>"; };
		FB78ABB72958F155000FC937 /* SceneDelegate.swift */ = {isa = PBXFileReference; lastKnownFileType = sourcecode.swift; path = SceneDelegate.swift; sourceTree = "<group>"; };
		FB78ABB92958F155000FC937 /* ViewController.swift */ = {isa = PBXFileReference; lastKnownFileType = sourcecode.swift; path = ViewController.swift; sourceTree = "<group>"; };
		FB78ABBE2958F157000FC937 /* Assets.xcassets */ = {isa = PBXFileReference; lastKnownFileType = folder.assetcatalog; path = Assets.xcassets; sourceTree = "<group>"; };
		FB78ABC12958F157000FC937 /* Base */ = {isa = PBXFileReference; lastKnownFileType = file.storyboard; name = Base; path = Base.lproj/LaunchScreen.storyboard; sourceTree = "<group>"; };
		FB78ABC32958F157000FC937 /* Info.plist */ = {isa = PBXFileReference; lastKnownFileType = text.plist.xml; path = Info.plist; sourceTree = "<group>"; };
		FB78ABD22958F7A7000FC937 /* CharacterItemCell.swift */ = {isa = PBXFileReference; lastKnownFileType = sourcecode.swift; path = CharacterItemCell.swift; sourceTree = "<group>"; };
/* End PBXFileReference section */

/* Begin PBXFrameworksBuildPhase section */
		FB78ABAF2958F155000FC937 /* Frameworks */ = {
			isa = PBXFrameworksBuildPhase;
			buildActionMask = 2147483647;
			files = (
				FB78ABD12958F3AD000FC937 /* SnapKit in Frameworks */,
			);
			runOnlyForDeploymentPostprocessing = 0;
		};
/* End PBXFrameworksBuildPhase section */

/* Begin PBXGroup section */
		FB78ABA92958F155000FC937 = {
			isa = PBXGroup;
			children = (
				FB78ABB42958F155000FC937 /* RickAndMorty-Swift */,
				FB78ABB32958F155000FC937 /* Products */,
			);
			sourceTree = "<group>";
		};
		FB78ABB32958F155000FC937 /* Products */ = {
			isa = PBXGroup;
			children = (
				FB78ABB22958F155000FC937 /* RickAndMorty-Swift.app */,
			);
			name = Products;
			sourceTree = "<group>";
		};
		FB78ABB42958F155000FC937 /* RickAndMorty-Swift */ = {
			isa = PBXGroup;
			children = (
				FB78ABCE2958F232000FC937 /* Resources */,
				FB78ABCD2958F22D000FC937 /* Managers */,
				FB78ABCC2958F229000FC937 /* Views */,
				FB78ABCB2958F223000FC937 /* Controllers */,
				FB78ABCA2958F21D000FC937 /* ViewModels */,
				FB78ABC92958F215000FC937 /* Models */,
			);
			path = "RickAndMorty-Swift";
			sourceTree = "<group>";
		};
		FB78ABC92958F215000FC937 /* Models */ = {
			isa = PBXGroup;
			children = (
			);
			path = Models;
			sourceTree = "<group>";
		};
		FB78ABCA2958F21D000FC937 /* ViewModels */ = {
			isa = PBXGroup;
			children = (
			);
			path = ViewModels;
			sourceTree = "<group>";
		};
		FB78ABCB2958F223000FC937 /* Controllers */ = {
			isa = PBXGroup;
			children = (
				FB78ABB92958F155000FC937 /* ViewController.swift */,
			);
			path = Controllers;
			sourceTree = "<group>";
		};
		FB78ABCC2958F229000FC937 /* Views */ = {
			isa = PBXGroup;
			children = (
				FB78ABD22958F7A7000FC937 /* CharacterItemCell.swift */,
			);
			path = Views;
			sourceTree = "<group>";
		};
		FB78ABCD2958F22D000FC937 /* Managers */ = {
			isa = PBXGroup;
			children = (
			);
			path = Managers;
			sourceTree = "<group>";
		};
		FB78ABCE2958F232000FC937 /* Resources */ = {
			isa = PBXGroup;
			children = (
				FB78ABB52958F155000FC937 /* AppDelegate.swift */,
				FB78ABB72958F155000FC937 /* SceneDelegate.swift */,
				FB78ABBE2958F157000FC937 /* Assets.xcassets */,
				FB78ABC02958F157000FC937 /* LaunchScreen.storyboard */,
				FB78ABC32958F157000FC937 /* Info.plist */,
			);
			path = Resources;
			sourceTree = "<group>";
		};
/* End PBXGroup section */

/* Begin PBXNativeTarget section */
		FB78ABB12958F155000FC937 /* RickAndMorty-Swift */ = {
			isa = PBXNativeTarget;
			buildConfigurationList = FB78ABC62958F157000FC937 /* Build configuration list for PBXNativeTarget "RickAndMorty-Swift" */;
			buildPhases = (
				FB78ABAE2958F155000FC937 /* Sources */,
				FB78ABAF2958F155000FC937 /* Frameworks */,
				FB78ABB02958F155000FC937 /* Resources */,
			);
			buildRules = (
			);
			dependencies = (
			);
			name = "RickAndMorty-Swift";
			packageProductDependencies = (
				FB78ABD02958F3AD000FC937 /* SnapKit */,
			);
			productName = "RickAndMorty-Swift";
			productReference = FB78ABB22958F155000FC937 /* RickAndMorty-Swift.app */;
			productType = "com.apple.product-type.application";
		};
/* End PBXNativeTarget section */

/* Begin PBXProject section */
		FB78ABAA2958F155000FC937 /* Project object */ = {
			isa = PBXProject;
			attributes = {
				BuildIndependentTargetsInParallel = 1;
				LastSwiftUpdateCheck = 1420;
				LastUpgradeCheck = 1420;
				TargetAttributes = {
					FB78ABB12958F155000FC937 = {
						CreatedOnToolsVersion = 14.2;
					};
				};
			};
			buildConfigurationList = FB78ABAD2958F155000FC937 /* Build configuration list for PBXProject "RickAndMorty-Swift" */;
			compatibilityVersion = "Xcode 14.0";
			developmentRegion = en;
			hasScannedForEncodings = 0;
			knownRegions = (
				en,
				Base,
			);
			mainGroup = FB78ABA92958F155000FC937;
			packageReferences = (
				FB78ABCF2958F3AD000FC937 /* XCRemoteSwiftPackageReference "SnapKit" */,
			);
			productRefGroup = FB78ABB32958F155000FC937 /* Products */;
			projectDirPath = "";
			projectRoot = "";
			targets = (
				FB78ABB12958F155000FC937 /* RickAndMorty-Swift */,
			);
		};
/* End PBXProject section */

/* Begin PBXResourcesBuildPhase section */
		FB78ABB02958F155000FC937 /* Resources */ = {
			isa = PBXResourcesBuildPhase;
			buildActionMask = 2147483647;
			files = (
				FB78ABC22958F157000FC937 /* LaunchScreen.storyboard in Resources */,
				FB78ABBF2958F157000FC937 /* Assets.xcassets in Resources */,
			);
			runOnlyForDeploymentPostprocessing = 0;
		};
/* End PBXResourcesBuildPhase section */

/* Begin PBXSourcesBuildPhase section */
		FB78ABAE2958F155000FC937 /* Sources */ = {
			isa = PBXSourcesBuildPhase;
			buildActionMask = 2147483647;
			files = (
				FB78ABBA2958F155000FC937 /* ViewController.swift in Sources */,
				FB78ABB62958F155000FC937 /* AppDelegate.swift in Sources */,
				FB78ABD32958F7A7000FC937 /* CharacterItemCell.swift in Sources */,
				FB78ABB82958F155000FC937 /* SceneDelegate.swift in Sources */,
			);
			runOnlyForDeploymentPostprocessing = 0;
		};
/* End PBXSourcesBuildPhase section */

/* Begin PBXVariantGroup section */
		FB78ABC02958F157000FC937 /* LaunchScreen.storyboard */ = {
			isa = PBXVariantGroup;
			children = (
				FB78ABC12958F157000FC937 /* Base */,
			);
			name = LaunchScreen.storyboard;
			sourceTree = "<group>";
		};
/* End PBXVariantGroup section */

/* Begin XCBuildConfiguration section */
		FB78ABC42958F157000FC937 /* Debug */ = {
			isa = XCBuildConfiguration;
			buildSettings = {
				ALWAYS_SEARCH_USER_PATHS = NO;
				CLANG_ANALYZER_NONNULL = YES;
				CLANG_ANALYZER_NUMBER_OBJECT_CONVERSION = YES_AGGRESSIVE;
				CLANG_CXX_LANGUAGE_STANDARD = "gnu++20";
				CLANG_ENABLE_MODULES = YES;
				CLANG_ENABLE_OBJC_ARC = YES;
				CLANG_ENABLE_OBJC_WEAK = YES;
				CLANG_WARN_BLOCK_CAPTURE_AUTORELEASING = YES;
				CLANG_WARN_BOOL_CONVERSION = YES;
				CLANG_WARN_COMMA = YES;
				CLANG_WARN_CONSTANT_CONVERSION = YES;
				CLANG_WARN_DEPRECATED_OBJC_IMPLEMENTATIONS = YES;
				CLANG_WARN_DIRECT_OBJC_ISA_USAGE = YES_ERROR;
				CLANG_WARN_DOCUMENTATION_COMMENTS = YES;
				CLANG_WARN_EMPTY_BODY = YES;
				CLANG_WARN_ENUM_CONVERSION = YES;
				CLANG_WARN_INFINITE_RECURSION = YES;
				CLANG_WARN_INT_CONVERSION = YES;
				CLANG_WARN_NON_LITERAL_NULL_CONVERSION = YES;
				CLANG_WARN_OBJC_IMPLICIT_RETAIN_SELF = YES;
				CLANG_WARN_OBJC_LITERAL_CONVERSION = YES;
				CLANG_WARN_OBJC_ROOT_CLASS = YES_ERROR;
				CLANG_WARN_QUOTED_INCLUDE_IN_FRAMEWORK_HEADER = YES;
				CLANG_WARN_RANGE_LOOP_ANALYSIS = YES;
				CLANG_WARN_STRICT_PROTOTYPES = YES;
				CLANG_WARN_SUSPICIOUS_MOVE = YES;
				CLANG_WARN_UNGUARDED_AVAILABILITY = YES_AGGRESSIVE;
				CLANG_WARN_UNREACHABLE_CODE = YES;
				CLANG_WARN__DUPLICATE_METHOD_MATCH = YES;
				COPY_PHASE_STRIP = NO;
				DEBUG_INFORMATION_FORMAT = dwarf;
				ENABLE_STRICT_OBJC_MSGSEND = YES;
				ENABLE_TESTABILITY = YES;
				GCC_C_LANGUAGE_STANDARD = gnu11;
				GCC_DYNAMIC_NO_PIC = NO;
				GCC_NO_COMMON_BLOCKS = YES;
				GCC_OPTIMIZATION_LEVEL = 0;
				GCC_PREPROCESSOR_DEFINITIONS = (
					"DEBUG=1",
					"$(inherited)",
				);
				GCC_WARN_64_TO_32_BIT_CONVERSION = YES;
				GCC_WARN_ABOUT_RETURN_TYPE = YES_ERROR;
				GCC_WARN_UNDECLARED_SELECTOR = YES;
				GCC_WARN_UNINITIALIZED_AUTOS = YES_AGGRESSIVE;
				GCC_WARN_UNUSED_FUNCTION = YES;
				GCC_WARN_UNUSED_VARIABLE = YES;
				IPHONEOS_DEPLOYMENT_TARGET = 16.2;
				MTL_ENABLE_DEBUG_INFO = INCLUDE_SOURCE;
				MTL_FAST_MATH = YES;
				ONLY_ACTIVE_ARCH = YES;
				SDKROOT = iphoneos;
				SWIFT_ACTIVE_COMPILATION_CONDITIONS = DEBUG;
				SWIFT_OPTIMIZATION_LEVEL = "-Onone";
			};
			name = Debug;
		};
		FB78ABC52958F157000FC937 /* Release */ = {
			isa = XCBuildConfiguration;
			buildSettings = {
				ALWAYS_SEARCH_USER_PATHS = NO;
				CLANG_ANALYZER_NONNULL = YES;
				CLANG_ANALYZER_NUMBER_OBJECT_CONVERSION = YES_AGGRESSIVE;
				CLANG_CXX_LANGUAGE_STANDARD = "gnu++20";
				CLANG_ENABLE_MODULES = YES;
				CLANG_ENABLE_OBJC_ARC = YES;
				CLANG_ENABLE_OBJC_WEAK = YES;
				CLANG_WARN_BLOCK_CAPTURE_AUTORELEASING = YES;
				CLANG_WARN_BOOL_CONVERSION = YES;
				CLANG_WARN_COMMA = YES;
				CLANG_WARN_CONSTANT_CONVERSION = YES;
				CLANG_WARN_DEPRECATED_OBJC_IMPLEMENTATIONS = YES;
				CLANG_WARN_DIRECT_OBJC_ISA_USAGE = YES_ERROR;
				CLANG_WARN_DOCUMENTATION_COMMENTS = YES;
				CLANG_WARN_EMPTY_BODY = YES;
				CLANG_WARN_ENUM_CONVERSION = YES;
				CLANG_WARN_INFINITE_RECURSION = YES;
				CLANG_WARN_INT_CONVERSION = YES;
				CLANG_WARN_NON_LITERAL_NULL_CONVERSION = YES;
				CLANG_WARN_OBJC_IMPLICIT_RETAIN_SELF = YES;
				CLANG_WARN_OBJC_LITERAL_CONVERSION = YES;
				CLANG_WARN_OBJC_ROOT_CLASS = YES_ERROR;
				CLANG_WARN_QUOTED_INCLUDE_IN_FRAMEWORK_HEADER = YES;
				CLANG_WARN_RANGE_LOOP_ANALYSIS = YES;
				CLANG_WARN_STRICT_PROTOTYPES = YES;
				CLANG_WARN_SUSPICIOUS_MOVE = YES;
				CLANG_WARN_UNGUARDED_AVAILABILITY = YES_AGGRESSIVE;
				CLANG_WARN_UNREACHABLE_CODE = YES;
				CLANG_WARN__DUPLICATE_METHOD_MATCH = YES;
				COPY_PHASE_STRIP = NO;
				DEBUG_INFORMATION_FORMAT = "dwarf-with-dsym";
				ENABLE_NS_ASSERTIONS = NO;
				ENABLE_STRICT_OBJC_MSGSEND = YES;
				GCC_C_LANGUAGE_STANDARD = gnu11;
				GCC_NO_COMMON_BLOCKS = YES;
				GCC_WARN_64_TO_32_BIT_CONVERSION = YES;
				GCC_WARN_ABOUT_RETURN_TYPE = YES_ERROR;
				GCC_WARN_UNDECLARED_SELECTOR = YES;
				GCC_WARN_UNINITIALIZED_AUTOS = YES_AGGRESSIVE;
				GCC_WARN_UNUSED_FUNCTION = YES;
				GCC_WARN_UNUSED_VARIABLE = YES;
				IPHONEOS_DEPLOYMENT_TARGET = 16.2;
				MTL_ENABLE_DEBUG_INFO = NO;
				MTL_FAST_MATH = YES;
				SDKROOT = iphoneos;
				SWIFT_COMPILATION_MODE = wholemodule;
				SWIFT_OPTIMIZATION_LEVEL = "-O";
				VALIDATE_PRODUCT = YES;
			};
			name = Release;
		};
		FB78ABC72958F157000FC937 /* Debug */ = {
			isa = XCBuildConfiguration;
			buildSettings = {
				ASSETCATALOG_COMPILER_APPICON_NAME = AppIcon;
				ASSETCATALOG_COMPILER_GLOBAL_ACCENT_COLOR_NAME = AccentColor;
				CODE_SIGN_STYLE = Automatic;
				CURRENT_PROJECT_VERSION = 1;
				DEVELOPMENT_TEAM = HG8VJQPKXZ;
				GENERATE_INFOPLIST_FILE = YES;
				INFOPLIST_FILE = "RickAndMorty-Swift/Resources/Info.plist";
				INFOPLIST_KEY_UIApplicationSupportsIndirectInputEvents = YES;
				INFOPLIST_KEY_UILaunchStoryboardName = LaunchScreen;
				INFOPLIST_KEY_UISupportedInterfaceOrientations_iPad = "UIInterfaceOrientationPortrait UIInterfaceOrientationPortraitUpsideDown UIInterfaceOrientationLandscapeLeft UIInterfaceOrientationLandscapeRight";
				INFOPLIST_KEY_UISupportedInterfaceOrientations_iPhone = "UIInterfaceOrientationPortrait UIInterfaceOrientationLandscapeLeft UIInterfaceOrientationLandscapeRight";
				LD_RUNPATH_SEARCH_PATHS = (
					"$(inherited)",
					"@executable_path/Frameworks",
				);
				MARKETING_VERSION = 1.0;
				PRODUCT_BUNDLE_IDENTIFIER = "dev.nsemir.RickAndMorty-Swift";
				PRODUCT_NAME = "$(TARGET_NAME)";
				SWIFT_EMIT_LOC_STRINGS = YES;
				SWIFT_VERSION = 5.0;
				TARGETED_DEVICE_FAMILY = "1,2";
			};
			name = Debug;
		};
		FB78ABC82958F157000FC937 /* Release */ = {
			isa = XCBuildConfiguration;
			buildSettings = {
				ASSETCATALOG_COMPILER_APPICON_NAME = AppIcon;
				ASSETCATALOG_COMPILER_GLOBAL_ACCENT_COLOR_NAME = AccentColor;
				CODE_SIGN_STYLE = Automatic;
				CURRENT_PROJECT_VERSION = 1;
				DEVELOPMENT_TEAM = HG8VJQPKXZ;
				GENERATE_INFOPLIST_FILE = YES;
				INFOPLIST_FILE = "RickAndMorty-Swift/Resources/Info.plist";
				INFOPLIST_KEY_UIApplicationSupportsIndirectInputEvents = YES;
				INFOPLIST_KEY_UILaunchStoryboardName = LaunchScreen;
				INFOPLIST_KEY_UISupportedInterfaceOrientations_iPad = "UIInterfaceOrientationPortrait UIInterfaceOrientationPortraitUpsideDown UIInterfaceOrientationLandscapeLeft UIInterfaceOrientationLandscapeRight";
				INFOPLIST_KEY_UISupportedInterfaceOrientations_iPhone = "UIInterfaceOrientationPortrait UIInterfaceOrientationLandscapeLeft UIInterfaceOrientationLandscapeRight";
				LD_RUNPATH_SEARCH_PATHS = (
					"$(inherited)",
					"@executable_path/Frameworks",
				);
				MARKETING_VERSION = 1.0;
				PRODUCT_BUNDLE_IDENTIFIER = "dev.nsemir.RickAndMorty-Swift";
				PRODUCT_NAME = "$(TARGET_NAME)";
				SWIFT_EMIT_LOC_STRINGS = YES;
				SWIFT_VERSION = 5.0;
				TARGETED_DEVICE_FAMILY = "1,2";
			};
			name = Release;
		};
/* End XCBuildConfiguration section */

/* Begin XCConfigurationList section */
		FB78ABAD2958F155000FC937 /* Build configuration list for PBXProject "RickAndMorty-Swift" */ = {
			isa = XCConfigurationList;
			buildConfigurations = (
				FB78ABC42958F157000FC937 /* Debug */,
				FB78ABC52958F157000FC937 /* Release */,
			);
			defaultConfigurationIsVisible = 0;
			defaultConfigurationName = Release;
		};
		FB78ABC62958F157000FC937 /* Build configuration list for PBXNativeTarget "RickAndMorty-Swift" */ = {
			isa = XCConfigurationList;
			buildConfigurations = (
				FB78ABC72958F157000FC937 /* Debug */,
				FB78ABC82958F157000FC937 /* Release */,
			);
			defaultConfigurationIsVisible = 0;
			defaultConfigurationName = Release;
		};
/* End XCConfigurationList section */

/* Begin XCRemoteSwiftPackageReference section */
		FB78ABCF2958F3AD000FC937 /* XCRemoteSwiftPackageReference "SnapKit" */ = {
			isa = XCRemoteSwiftPackageReference;
			repositoryURL = "https://github.com/SnapKit/SnapKit";
			requirement = {
				kind = upToNextMajorVersion;
				minimumVersion = 5.0.0;
			};
		};
/* End XCRemoteSwiftPackageReference section */

/* Begin XCSwiftPackageProductDependency section */
		FB78ABD02958F3AD000FC937 /* SnapKit */ = {
			isa = XCSwiftPackageProductDependency;
			package = FB78ABCF2958F3AD000FC937 /* XCRemoteSwiftPackageReference "SnapKit" */;
			productName = SnapKit;
		};
/* End XCSwiftPackageProductDependency section */
	};
	rootObject = FB78ABAA2958F155000FC937 /* Project object */;
}
